// !$*UTF8*$!
{
	archiveVersion = 1;
	classes = {
	};
	objectVersion = 77;
	objects = {

/* Begin PBXContainerItemProxy section */
		F99076352F0F69CC00C8CFF5 /* PBXContainerItemProxy */ = {
			isa = PBXContainerItemProxy;
			containerPortal = F990761B2F0F69CB00C8CFF5 /* Project object */;
			proxyType = 1;
			remoteGlobalIDString = F99076222F0F69CB00C8CFF5;
			remoteInfo = uniflo.testclient;
		};
		F990763F2F0F69CC00C8CFF5 /* PBXContainerItemProxy */ = {
			isa = PBXContainerItemProxy;
			containerPortal = F990761B2F0F69CB00C8CFF5 /* Project object */;
			proxyType = 1;
			remoteGlobalIDString = F99076222F0F69CB00C8CFF5;
			remoteInfo = uniflo.testclient;
		};
/* End PBXContainerItemProxy section */

/* Begin PBXFileReference section */
		F99076232F0F69CB00C8CFF5 /* uniflo.testclient.app */ = {isa = PBXFileReference; explicitFileType = wrapper.application; includeInIndex = 0; path = uniflo.testclient.app; sourceTree = BUILT_PRODUCTS_DIR; };
		F99076342F0F69CC00C8CFF5 /* uniflo.testclientTests.xctest */ = {isa = PBXFileReference; explicitFileType = wrapper.cfbundle; includeInIndex = 0; path = uniflo.testclientTests.xctest; sourceTree = BUILT_PRODUCTS_DIR; };
		F990763E2F0F69CC00C8CFF5 /* uniflo.testclientUITests.xctest */ = {isa = PBXFileReference; explicitFileType = wrapper.cfbundle; includeInIndex = 0; path = uniflo.testclientUITests.xctest; sourceTree = BUILT_PRODUCTS_DIR; };
/* End PBXFileReference section */

/* Begin PBXFileSystemSynchronizedBuildFileExceptionSet section */
		F99076462F0F69CC00C8CFF5 /* Exceptions for "uniflo.testclient" folder in "uniflo.testclient" target */ = {
			isa = PBXFileSystemSynchronizedBuildFileExceptionSet;
			membershipExceptions = (
				Info.plist,
			);
			target = F99076222F0F69CB00C8CFF5 /* uniflo.testclient */;
		};
/* End PBXFileSystemSynchronizedBuildFileExceptionSet section */

/* Begin PBXFileSystemSynchronizedRootGroup section */
		F99076252F0F69CB00C8CFF5 /* uniflo.testclient */ = {
			isa = PBXFileSystemSynchronizedRootGroup;
			exceptions = (
				F99076462F0F69CC00C8CFF5 /* Exceptions for "uniflo.testclient" folder in "uniflo.testclient" target */,
			);
			path = uniflo.testclient;
			sourceTree = "<group>";
		};
		F99076372F0F69CC00C8CFF5 /* uniflo.testclientTests */ = {
			isa = PBXFileSystemSynchronizedRootGroup;
			path = uniflo.testclientTests;
			sourceTree = "<group>";
		};
		F99076412F0F69CC00C8CFF5 /* uniflo.testclientUITests */ = {
			isa = PBXFileSystemSynchronizedRootGroup;
			path = uniflo.testclientUITests;
			sourceTree = "<group>";
		};
/* End PBXFileSystemSynchronizedRootGroup section */

/* Begin PBXFrameworksBuildPhase section */
		F99076202F0F69CB00C8CFF5 /* Frameworks */ = {
			isa = PBXFrameworksBuildPhase;
			buildActionMask = 2147483647;
			files = (
			);
			runOnlyForDeploymentPostprocessing = 0;
		};
		F99076312F0F69CC00C8CFF5 /* Frameworks */ = {
			isa = PBXFrameworksBuildPhase;
			buildActionMask = 2147483647;
			files = (
			);
			runOnlyForDeploymentPostprocessing = 0;
		};
		F990763B2F0F69CC00C8CFF5 /* Frameworks */ = {
			isa = PBXFrameworksBuildPhase;
			buildActionMask = 2147483647;
			files = (
			);
			runOnlyForDeploymentPostprocessing = 0;
		};
/* End PBXFrameworksBuildPhase section */

/* Begin PBXGroup section */
		F990761A2F0F69CB00C8CFF5 = {
			isa = PBXGroup;
			children = (
				F99076252F0F69CB00C8CFF5 /* uniflo.testclient */,
				F99076372F0F69CC00C8CFF5 /* uniflo.testclientTests */,
				F99076412F0F69CC00C8CFF5 /* uniflo.testclientUITests */,
				F99076242F0F69CB00C8CFF5 /* Products */,
			);
			sourceTree = "<group>";
		};
		F99076242F0F69CB00C8CFF5 /* Products */ = {
			isa = PBXGroup;
			children = (
				F99076232F0F69CB00C8CFF5 /* uniflo.testclient.app */,
				F99076342F0F69CC00C8CFF5 /* uniflo.testclientTests.xctest */,
				F990763E2F0F69CC00C8CFF5 /* uniflo.testclientUITests.xctest */,
			);
			name = Products;
			sourceTree = "<group>";
		};
/* End PBXGroup section */

/* Begin PBXNativeTarget section */
		F99076222F0F69CB00C8CFF5 /* uniflo.testclient */ = {
			isa = PBXNativeTarget;
			buildConfigurationList = F99076472F0F69CC00C8CFF5 /* Build configuration list for PBXNativeTarget "uniflo.testclient" */;
			buildPhases = (
				F990761F2F0F69CB00C8CFF5 /* Sources */,
				F99076202F0F69CB00C8CFF5 /* Frameworks */,
				F99076212F0F69CB00C8CFF5 /* Resources */,
			);
			buildRules = (
			);
			dependencies = (
			);
			fileSystemSynchronizedGroups = (
				F99076252F0F69CB00C8CFF5 /* uniflo.testclient */,
			);
			name = uniflo.testclient;
			packageProductDependencies = (
			);
			productName = uniflo.testclient;
			productReference = F99076232F0F69CB00C8CFF5 /* uniflo.testclient.app */;
			productType = "com.apple.product-type.application";
		};
		F99076332F0F69CC00C8CFF5 /* uniflo.testclientTests */ = {
			isa = PBXNativeTarget;
			buildConfigurationList = F990764C2F0F69CC00C8CFF5 /* Build configuration list for PBXNativeTarget "uniflo.testclientTests" */;
			buildPhases = (
				F99076302F0F69CC00C8CFF5 /* Sources */,
				F99076312F0F69CC00C8CFF5 /* Frameworks */,
				F99076322F0F69CC00C8CFF5 /* Resources */,
			);
			buildRules = (
			);
			dependencies = (
				F99076362F0F69CC00C8CFF5 /* PBXTargetDependency */,
			);
			fileSystemSynchronizedGroups = (
				F99076372F0F69CC00C8CFF5 /* uniflo.testclientTests */,
			);
			name = uniflo.testclientTests;
			packageProductDependencies = (
			);
			productName = uniflo.testclientTests;
			productReference = F99076342F0F69CC00C8CFF5 /* uniflo.testclientTests.xctest */;
			productType = "com.apple.product-type.bundle.unit-test";
		};
		F990763D2F0F69CC00C8CFF5 /* uniflo.testclientUITests */ = {
			isa = PBXNativeTarget;
			buildConfigurationList = F990764F2F0F69CC00C8CFF5 /* Build configuration list for PBXNativeTarget "uniflo.testclientUITests" */;
			buildPhases = (
				F990763A2F0F69CC00C8CFF5 /* Sources */,
				F990763B2F0F69CC00C8CFF5 /* Frameworks */,
				F990763C2F0F69CC00C8CFF5 /* Resources */,
			);
			buildRules = (
			);
			dependencies = (
				F99076402F0F69CC00C8CFF5 /* PBXTargetDependency */,
			);
			fileSystemSynchronizedGroups = (
				F99076412F0F69CC00C8CFF5 /* uniflo.testclientUITests */,
			);
			name = uniflo.testclientUITests;
			packageProductDependencies = (
			);
			productName = uniflo.testclientUITests;
			productReference = F990763E2F0F69CC00C8CFF5 /* uniflo.testclientUITests.xctest */;
			productType = "com.apple.product-type.bundle.ui-testing";
		};
/* End PBXNativeTarget section */

/* Begin PBXProject section */
		F990761B2F0F69CB00C8CFF5 /* Project object */ = {
			isa = PBXProject;
			attributes = {
				BuildIndependentTargetsInParallel = 1;
				LastSwiftUpdateCheck = 2620;
				LastUpgradeCheck = 2620;
				TargetAttributes = {
					F99076222F0F69CB00C8CFF5 = {
						CreatedOnToolsVersion = 26.2;
					};
					F99076332F0F69CC00C8CFF5 = {
						CreatedOnToolsVersion = 26.2;
						TestTargetID = F99076222F0F69CB00C8CFF5;
					};
					F990763D2F0F69CC00C8CFF5 = {
						CreatedOnToolsVersion = 26.2;
						TestTargetID = F99076222F0F69CB00C8CFF5;
					};
				};
			};
			buildConfigurationList = F990761E2F0F69CB00C8CFF5 /* Build configuration list for PBXProject "uniflo.testclient" */;
			developmentRegion = en;
			hasScannedForEncodings = 0;
			knownRegions = (
				en,
				Base,
			);
			mainGroup = F990761A2F0F69CB00C8CFF5;
			minimizedProjectReferenceProxies = 1;
			preferredProjectObjectVersion = 77;
			productRefGroup = F99076242F0F69CB00C8CFF5 /* Products */;
			projectDirPath = "";
			projectRoot = "";
			targets = (
				F99076222F0F69CB00C8CFF5 /* uniflo.testclient */,
				F99076332F0F69CC00C8CFF5 /* uniflo.testclientTests */,
				F990763D2F0F69CC00C8CFF5 /* uniflo.testclientUITests */,
			);
		};
/* End PBXProject section */

/* Begin PBXResourcesBuildPhase section */
		F99076212F0F69CB00C8CFF5 /* Resources */ = {
			isa = PBXResourcesBuildPhase;
			buildActionMask = 2147483647;
			files = (
			);
			runOnlyForDeploymentPostprocessing = 0;
		};
		F99076322F0F69CC00C8CFF5 /* Resources */ = {
			isa = PBXResourcesBuildPhase;
			buildActionMask = 2147483647;
			files = (
			);
			runOnlyForDeploymentPostprocessing = 0;
		};
		F990763C2F0F69CC00C8CFF5 /* Resources */ = {
			isa = PBXResourcesBuildPhase;
			buildActionMask = 2147483647;
			files = (
			);
			runOnlyForDeploymentPostprocessing = 0;
		};
/* End PBXResourcesBuildPhase section */

/* Begin PBXSourcesBuildPhase section */
		F990761F2F0F69CB00C8CFF5 /* Sources */ = {
			isa = PBXSourcesBuildPhase;
			buildActionMask = 2147483647;
			files = (
			);
			runOnlyForDeploymentPostprocessing = 0;
		};
		F99076302F0F69CC00C8CFF5 /* Sources */ = {
			isa = PBXSourcesBuildPhase;
			buildActionMask = 2147483647;
			files = (
			);
			runOnlyForDeploymentPostprocessing = 0;
		};
		F990763A2F0F69CC00C8CFF5 /* Sources */ = {
			isa = PBXSourcesBuildPhase;
			buildActionMask = 2147483647;
			files = (
			);
			runOnlyForDeploymentPostprocessing = 0;
		};
/* End PBXSourcesBuildPhase section */

/* Begin PBXTargetDependency section */
		F99076362F0F69CC00C8CFF5 /* PBXTargetDependency */ = {
			isa = PBXTargetDependency;
			target = F99076222F0F69CB00C8CFF5 /* uniflo.testclient */;
			targetProxy = F99076352F0F69CC00C8CFF5 /* PBXContainerItemProxy */;
		};
		F99076402F0F69CC00C8CFF5 /* PBXTargetDependency */ = {
			isa = PBXTargetDependency;
			target = F99076222F0F69CB00C8CFF5 /* uniflo.testclient */;
			targetProxy = F990763F2F0F69CC00C8CFF5 /* PBXContainerItemProxy */;
		};
/* End PBXTargetDependency section */

/* Begin XCBuildConfiguration section */
		F99076482F0F69CC00C8CFF5 /* Debug */ = {
			isa = XCBuildConfiguration;
			buildSettings = {
				ASSETCATALOG_COMPILER_APPICON_NAME = AppIcon;
				ASSETCATALOG_COMPILER_GLOBAL_ACCENT_COLOR_NAME = AccentColor;
				CODE_SIGN_ENTITLEMENTS = uniflo.testclient/uniflo_testclient.entitlements;
				CODE_SIGN_STYLE = Automatic;
				CURRENT_PROJECT_VERSION = 1;
				DEVELOPMENT_TEAM = U3WF4T9U3H;
				ENABLE_PREVIEWS = YES;
				GENERATE_INFOPLIST_FILE = YES;
				INFOPLIST_FILE = uniflo.testclient/Info.plist;
				INFOPLIST_KEY_UIApplicationSceneManifest_Generation = YES;
				INFOPLIST_KEY_UIApplicationSupportsIndirectInputEvents = YES;
				INFOPLIST_KEY_UILaunchScreen_Generation = YES;
				INFOPLIST_KEY_UISupportedInterfaceOrientations_iPad = "UIInterfaceOrientationPortrait UIInterfaceOrientationPortraitUpsideDown UIInterfaceOrientationLandscapeLeft UIInterfaceOrientationLandscapeRight";
				INFOPLIST_KEY_UISupportedInterfaceOrientations_iPhone = "UIInterfaceOrientationPortrait UIInterfaceOrientationLandscapeLeft UIInterfaceOrientationLandscapeRight";
				LD_RUNPATH_SEARCH_PATHS = (
					"$(inherited)",
					"@executable_path/Frameworks",
				);
				MARKETING_VERSION = 1.0;
				PRODUCT_BUNDLE_IDENTIFIER = "Uniflo.uniflo-testclient";
				PRODUCT_NAME = "$(TARGET_NAME)";
				STRING_CATALOG_GENERATE_SYMBOLS = YES;
				SWIFT_APPROACHABLE_CONCURRENCY = YES;
				SWIFT_DEFAULT_ACTOR_ISOLATION = MainActor;
				SWIFT_EMIT_LOC_STRINGS = YES;
				SWIFT_UPCOMING_FEATURE_MEMBER_IMPORT_VISIBILITY = YES;
				SWIFT_VERSION = 5.0;
				TARGETED_DEVICE_FAMILY = "1,2";
			};
			name = Debug;
		};
		F99076492F0F69CC00C8CFF5 /* Release */ = {
			isa = XCBuildConfiguration;
			buildSettings = {
				ASSETCATALOG_COMPILER_APPICON_NAME = AppIcon;
				ASSETCATALOG_COMPILER_GLOBAL_ACCENT_COLOR_NAME = AccentColor;
				CODE_SIGN_ENTITLEMENTS = uniflo.testclient/uniflo_testclient.entitlements;
				CODE_SIGN_STYLE = Automatic;
				CURRENT_PROJECT_VERSION = 1;
				DEVELOPMENT_TEAM = U3WF4T9U3H;
				ENABLE_PREVIEWS = YES;
				GENERATE_INFOPLIST_FILE = YES;
				INFOPLIST_FILE = uniflo.testclient/Info.plist;
				INFOPLIST_KEY_UIApplicationSceneManifest_Generation = YES;
				INFOPLIST_KEY_UIApplicationSupportsIndirectInputEvents = YES;
				INFOPLIST_KEY_UILaunchScreen_Generation = YES;
				INFOPLIST_KEY_UISupportedInterfaceOrientations_iPad = "UIInterfaceOrientationPortrait UIInterfaceOrientationPortraitUpsideDown UIInterfaceOrientationLandscapeLeft UIInterfaceOrientationLandscapeRight";
				INFOPLIST_KEY_UISupportedInterfaceOrientations_iPhone = "UIInterfaceOrientationPortrait UIInterfaceOrientationLandscapeLeft UIInterfaceOrientationLandscapeRight";
				LD_RUNPATH_SEARCH_PATHS = (
					"$(inherited)",
					"@executable_path/Frameworks",
				);
				MARKETING_VERSION = 1.0;
				PRODUCT_BUNDLE_IDENTIFIER = "Uniflo.uniflo-testclient";
				PRODUCT_NAME = "$(TARGET_NAME)";
				STRING_CATALOG_GENERATE_SYMBOLS = YES;
				SWIFT_APPROACHABLE_CONCURRENCY = YES;
				SWIFT_DEFAULT_ACTOR_ISOLATION = MainActor;
				SWIFT_EMIT_LOC_STRINGS = YES;
				SWIFT_UPCOMING_FEATURE_MEMBER_IMPORT_VISIBILITY = YES;
				SWIFT_VERSION = 5.0;
				TARGETED_DEVICE_FAMILY = "1,2";
			};
			name = Release;
		};
		F990764A2F0F69CC00C8CFF5 /* Debug */ = {
			isa = XCBuildConfiguration;
			buildSettings = {
				ALWAYS_SEARCH_USER_PATHS = NO;
				ASSETCATALOG_COMPILER_GENERATE_SWIFT_ASSET_SYMBOL_EXTENSIONS = YES;
				CLANG_ANALYZER_NONNULL = YES;
				CLANG_ANALYZER_NUMBER_OBJECT_CONVERSION = YES_AGGRESSIVE;
				CLANG_CXX_LANGUAGE_STANDARD = "gnu++20";
				CLANG_ENABLE_MODULES = YES;
				CLANG_ENABLE_OBJC_ARC = YES;
				CLANG_ENABLE_OBJC_WEAK = YES;
				CLANG_WARN_BLOCK_CAPTURE_AUTORELEASING = YES;
				CLANG_WARN_BOOL_CONVERSION = YES;
				CLANG_WARN_COMMA = YES;
				CLANG_WARN_CONSTANT_CONVERSION = YES;
				CLANG_WARN_DEPRECATED_OBJC_IMPLEMENTATIONS = YES;
				CLANG_WARN_DIRECT_OBJC_ISA_USAGE = YES_ERROR;
				CLANG_WARN_DOCUMENTATION_COMMENTS = YES;
				CLANG_WARN_EMPTY_BODY = YES;
				CLANG_WARN_ENUM_CONVERSION = YES;
				CLANG_WARN_INFINITE_RECURSION = YES;
				CLANG_WARN_INT_CONVERSION = YES;
				CLANG_WARN_NON_LITERAL_NULL_CONVERSION = YES;
				CLANG_WARN_OBJC_IMPLICIT_RETAIN_SELF = YES;
				CLANG_WARN_OBJC_LITERAL_CONVERSION = YES;
				CLANG_WARN_OBJC_ROOT_CLASS = YES_ERROR;
				CLANG_WARN_QUOTED_INCLUDE_IN_FRAMEWORK_HEADER = YES;
				CLANG_WARN_RANGE_LOOP_ANALYSIS = YES;
				CLANG_WARN_STRICT_PROTOTYPES = YES;
				CLANG_WARN_SUSPICIOUS_MOVE = YES;
				CLANG_WARN_UNGUARDED_AVAILABILITY = YES_AGGRESSIVE;
				CLANG_WARN_UNREACHABLE_CODE = YES;
				CLANG_WARN__DUPLICATE_METHOD_MATCH = YES;
				COPY_PHASE_STRIP = NO;
				DEBUG_INFORMATION_FORMAT = dwarf;
				DEVELOPMENT_TEAM = U3WF4T9U3H;
				ENABLE_STRICT_OBJC_MSGSEND = YES;
				ENABLE_TESTABILITY = YES;
				ENABLE_USER_SCRIPT_SANDBOXING = YES;
				GCC_C_LANGUAGE_STANDARD = gnu17;
				GCC_DYNAMIC_NO_PIC = NO;
				GCC_NO_COMMON_BLOCKS = YES;
				GCC_OPTIMIZATION_LEVEL = 0;
				GCC_PREPROCESSOR_DEFINITIONS = (
					"DEBUG=1",
					"$(inherited)",
				);
				GCC_WARN_64_TO_32_BIT_CONVERSION = YES;
				GCC_WARN_ABOUT_RETURN_TYPE = YES_ERROR;
				GCC_WARN_UNDECLARED_SELECTOR = YES;
				GCC_WARN_UNINITIALIZED_AUTOS = YES_AGGRESSIVE;
				GCC_WARN_UNUSED_FUNCTION = YES;
				GCC_WARN_UNUSED_VARIABLE = YES;
				IPHONEOS_DEPLOYMENT_TARGET = 26.2;
				LOCALIZATION_PREFERS_STRING_CATALOGS = YES;
				MTL_ENABLE_DEBUG_INFO = INCLUDE_SOURCE;
				MTL_FAST_MATH = YES;
				ONLY_ACTIVE_ARCH = YES;
				SDKROOT = iphoneos;
				SWIFT_ACTIVE_COMPILATION_CONDITIONS = "DEBUG $(inherited)";
				SWIFT_OPTIMIZATION_LEVEL = "-Onone";
			};
			name = Debug;
		};
		F990764B2F0F69CC00C8CFF5 /* Release */ = {
			isa = XCBuildConfiguration;
			buildSettings = {
				ALWAYS_SEARCH_USER_PATHS = NO;
				ASSETCATALOG_COMPILER_GENERATE_SWIFT_ASSET_SYMBOL_EXTENSIONS = YES;
				CLANG_ANALYZER_NONNULL = YES;
				CLANG_ANALYZER_NUMBER_OBJECT_CONVERSION = YES_AGGRESSIVE;
				CLANG_CXX_LANGUAGE_STANDARD = "gnu++20";
				CLANG_ENABLE_MODULES = YES;
				CLANG_ENABLE_OBJC_ARC = YES;
				CLANG_ENABLE_OBJC_WEAK = YES;
				CLANG_WARN_BLOCK_CAPTURE_AUTORELEASING = YES;
				CLANG_WARN_BOOL_CONVERSION = YES;
				CLANG_WARN_COMMA = YES;
				CLANG_WARN_CONSTANT_CONVERSION = YES;
				CLANG_WARN_DEPRECATED_OBJC_IMPLEMENTATIONS = YES;
				CLANG_WARN_DIRECT_OBJC_ISA_USAGE = YES_ERROR;
				CLANG_WARN_DOCUMENTATION_COMMENTS = YES;
				CLANG_WARN_EMPTY_BODY = YES;
				CLANG_WARN_ENUM_CONVERSION = YES;
				CLANG_WARN_INFINITE_RECURSION = YES;
				CLANG_WARN_INT_CONVERSION = YES;
				CLANG_WARN_NON_LITERAL_NULL_CONVERSION = YES;
				CLANG_WARN_OBJC_IMPLICIT_RETAIN_SELF = YES;
				CLANG_WARN_OBJC_LITERAL_CONVERSION = YES;
				CLANG_WARN_OBJC_ROOT_CLASS = YES_ERROR;
				CLANG_WARN_QUOTED_INCLUDE_IN_FRAMEWORK_HEADER = YES;
				CLANG_WARN_RANGE_LOOP_ANALYSIS = YES;
				CLANG_WARN_STRICT_PROTOTYPES = YES;
				CLANG_WARN_SUSPICIOUS_MOVE = YES;
				CLANG_WARN_UNGUARDED_AVAILABILITY = YES_AGGRESSIVE;
				CLANG_WARN_UNREACHABLE_CODE = YES;
				CLANG_WARN__DUPLICATE_METHOD_MATCH = YES;
				COPY_PHASE_STRIP = NO;
				DEBUG_INFORMATION_FORMAT = "dwarf-with-dsym";
				DEVELOPMENT_TEAM = U3WF4T9U3H;
				ENABLE_NS_ASSERTIONS = NO;
				ENABLE_STRICT_OBJC_MSGSEND = YES;
				ENABLE_USER_SCRIPT_SANDBOXING = YES;
				GCC_C_LANGUAGE_STANDARD = gnu17;
				GCC_NO_COMMON_BLOCKS = YES;
				GCC_WARN_64_TO_32_BIT_CONVERSION = YES;
				GCC_WARN_ABOUT_RETURN_TYPE = YES_ERROR;
				GCC_WARN_UNDECLARED_SELECTOR = YES;
				GCC_WARN_UNINITIALIZED_AUTOS = YES_AGGRESSIVE;
				GCC_WARN_UNUSED_FUNCTION = YES;
				GCC_WARN_UNUSED_VARIABLE = YES;
				IPHONEOS_DEPLOYMENT_TARGET = 26.2;
				LOCALIZATION_PREFERS_STRING_CATALOGS = YES;
				MTL_ENABLE_DEBUG_INFO = NO;
				MTL_FAST_MATH = YES;
				SDKROOT = iphoneos;
				SWIFT_COMPILATION_MODE = wholemodule;
				VALIDATE_PRODUCT = YES;
			};
			name = Release;
		};
		F990764D2F0F69CC00C8CFF5 /* Debug */ = {
			isa = XCBuildConfiguration;
			buildSettings = {
				BUNDLE_LOADER = "$(TEST_HOST)";
				CODE_SIGN_STYLE = Automatic;
				CURRENT_PROJECT_VERSION = 1;
				DEVELOPMENT_TEAM = U3WF4T9U3H;
				GENERATE_INFOPLIST_FILE = YES;
				IPHONEOS_DEPLOYMENT_TARGET = 26.2;
				MARKETING_VERSION = 1.0;
				PRODUCT_BUNDLE_IDENTIFIER = "Uniflo.uniflo-testclientTests";
				PRODUCT_NAME = "$(TARGET_NAME)";
				STRING_CATALOG_GENERATE_SYMBOLS = NO;
				SWIFT_APPROACHABLE_CONCURRENCY = YES;
				SWIFT_EMIT_LOC_STRINGS = NO;
				SWIFT_UPCOMING_FEATURE_MEMBER_IMPORT_VISIBILITY = YES;
				SWIFT_VERSION = 5.0;
				TARGETED_DEVICE_FAMILY = "1,2";
				TEST_HOST = "$(BUILT_PRODUCTS_DIR)/uniflo.testclient.app/$(BUNDLE_EXECUTABLE_FOLDER_PATH)/uniflo.testclient";
			};
			name = Debug;
		};
		F990764E2F0F69CC00C8CFF5 /* Release */ = {
			isa = XCBuildConfiguration;
			buildSettings = {
				BUNDLE_LOADER = "$(TEST_HOST)";
				CODE_SIGN_STYLE = Automatic;
				CURRENT_PROJECT_VERSION = 1;
				DEVELOPMENT_TEAM = U3WF4T9U3H;
				GENERATE_INFOPLIST_FILE = YES;
				IPHONEOS_DEPLOYMENT_TARGET = 26.2;
				MARKETING_VERSION = 1.0;
				PRODUCT_BUNDLE_IDENTIFIER = "Uniflo.uniflo-testclientTests";
				PRODUCT_NAME = "$(TARGET_NAME)";
				STRING_CATALOG_GENERATE_SYMBOLS = NO;
				SWIFT_APPROACHABLE_CONCURRENCY = YES;
				SWIFT_EMIT_LOC_STRINGS = NO;
				SWIFT_UPCOMING_FEATURE_MEMBER_IMPORT_VISIBILITY = YES;
				SWIFT_VERSION = 5.0;
				TARGETED_DEVICE_FAMILY = "1,2";
				TEST_HOST = "$(BUILT_PRODUCTS_DIR)/uniflo.testclient.app/$(BUNDLE_EXECUTABLE_FOLDER_PATH)/uniflo.testclient";
			};
			name = Release;
		};
		F99076502F0F69CC00C8CFF5 /* Debug */ = {
			isa = XCBuildConfiguration;
			buildSettings = {
				CODE_SIGN_STYLE = Automatic;
				CURRENT_PROJECT_VERSION = 1;
				DEVELOPMENT_TEAM = U3WF4T9U3H;
				GENERATE_INFOPLIST_FILE = YES;
				MARKETING_VERSION = 1.0;
				PRODUCT_BUNDLE_IDENTIFIER = "Uniflo.uniflo-testclientUITests";
				PRODUCT_NAME = "$(TARGET_NAME)";
				STRING_CATALOG_GENERATE_SYMBOLS = NO;
				SWIFT_APPROACHABLE_CONCURRENCY = YES;
				SWIFT_EMIT_LOC_STRINGS = NO;
				SWIFT_UPCOMING_FEATURE_MEMBER_IMPORT_VISIBILITY = YES;
				SWIFT_VERSION = 5.0;
				TARGETED_DEVICE_FAMILY = "1,2";
				TEST_TARGET_NAME = uniflo.testclient;
			};
			name = Debug;
		};
		F99076512F0F69CC00C8CFF5 /* Release */ = {
			isa = XCBuildConfiguration;
			buildSettings = {
				CODE_SIGN_STYLE = Automatic;
				CURRENT_PROJECT_VERSION = 1;
				DEVELOPMENT_TEAM = U3WF4T9U3H;
				GENERATE_INFOPLIST_FILE = YES;
				MARKETING_VERSION = 1.0;
				PRODUCT_BUNDLE_IDENTIFIER = "Uniflo.uniflo-testclientUITests";
				PRODUCT_NAME = "$(TARGET_NAME)";
				STRING_CATALOG_GENERATE_SYMBOLS = NO;
				SWIFT_APPROACHABLE_CONCURRENCY = YES;
				SWIFT_EMIT_LOC_STRINGS = NO;
				SWIFT_UPCOMING_FEATURE_MEMBER_IMPORT_VISIBILITY = YES;
				SWIFT_VERSION = 5.0;
				TARGETED_DEVICE_FAMILY = "1,2";
				TEST_TARGET_NAME = uniflo.testclient;
			};
			name = Release;
		};
/* End XCBuildConfiguration section */

/* Begin XCConfigurationList section */
		F990761E2F0F69CB00C8CFF5 /* Build configuration list for PBXProject "uniflo.testclient" */ = {
			isa = XCConfigurationList;
			buildConfigurations = (
				F990764A2F0F69CC00C8CFF5 /* Debug */,
				F990764B2F0F69CC00C8CFF5 /* Release */,
			);
			defaultConfigurationIsVisible = 0;
			defaultConfigurationName = Release;
		};
		F99076472F0F69CC00C8CFF5 /* Build configuration list for PBXNativeTarget "uniflo.testclient" */ = {
			isa = XCConfigurationList;
			buildConfigurations = (
				F99076482F0F69CC00C8CFF5 /* Debug */,
				F99076492F0F69CC00C8CFF5 /* Release */,
			);
			defaultConfigurationIsVisible = 0;
			defaultConfigurationName = Release;
		};
		F990764C2F0F69CC00C8CFF5 /* Build configuration list for PBXNativeTarget "uniflo.testclientTests" */ = {
			isa = XCConfigurationList;
			buildConfigurations = (
				F990764D2F0F69CC00C8CFF5 /* Debug */,
				F990764E2F0F69CC00C8CFF5 /* Release */,
			);
			defaultConfigurationIsVisible = 0;
			defaultConfigurationName = Release;
		};
		F990764F2F0F69CC00C8CFF5 /* Build configuration list for PBXNativeTarget "uniflo.testclientUITests" */ = {
			isa = XCConfigurationList;
			buildConfigurations = (
				F99076502F0F69CC00C8CFF5 /* Debug */,
				F99076512F0F69CC00C8CFF5 /* Release */,
			);
			defaultConfigurationIsVisible = 0;
			defaultConfigurationName = Release;
		};
/* End XCConfigurationList section */
	};
	rootObject = F990761B2F0F69CB00C8CFF5 /* Project object */;
}
